{
  "name": "mongo-gui",
  "version": "0.1.0",
  "dependencies": {
    "h4e": {
      "version": "0.3.0",
      "dependencies": {
        "hogan.js": {
          "version": "2.0.0"
        },
        "underscore": {
          "version": "1.4.2"
        }
      }
    },
    "express": {
      "version": "3.0.0rc5",
      "dependencies": {
        "connect": {
          "version": "2.5.0",
          "dependencies": {
            "qs": {
              "version": "0.5.1"
            },
            "formidable": {
              "version": "1.0.11"
            },
            "bytes": {
              "version": "0.1.0"
            },
            "send": {
              "version": "0.0.4",
              "dependencies": {
                "mime": {
                  "version": "1.2.6"
                }
              }
            },
            "pause": {
              "version": "0.0.1"
            }
          }
        },
        "commander": {
          "version": "0.6.1"
        },
        "range-parser": {
          "version": "0.0.4"
        },
        "mkdirp": {
          "version": "0.3.3"
        },
        "cookie": {
          "version": "0.0.4"
        },
        "crc": {
          "version": "0.2.0"
        },
        "fresh": {
          "version": "0.1.0"
        },
        "methods": {
          "version": "0.0.1"
        },
        "send": {
          "version": "0.1.0",
          "dependencies": {
            "mime": {
              "version": "1.2.6"
            }
          }
        },
        "debug": {
          "version": "0.7.0"
        }
      }
    },
    "mongodb": {
      "version": "1.2.5",
      "dependencies": {
        "bson": {
          "version": "0.1.5"
        }
      }
    }
  }
}
